// !$*UTF8*$!
{
	archiveVersion = 1;
	classes = {
	};
	objectVersion = 46;
	objects = {

/* Begin PBXBuildFile section */
		8413D1EC1B5AA2EF00CFA3C0 /* main.m in Sources */ = {isa = PBXBuildFile; fileRef = 8413D1EB1B5AA2EF00CFA3C0 /* main.m */; };
		8413D1EF1B5AA2EF00CFA3C0 /* AppDelegate.m in Sources */ = {isa = PBXBuildFile; fileRef = 8413D1EE1B5AA2EF00CFA3C0 /* AppDelegate.m */; };
		8413D1F21B5AA2EF00CFA3C0 /* ViewController.m in Sources */ = {isa = PBXBuildFile; fileRef = 8413D1F11B5AA2EF00CFA3C0 /* ViewController.m */; };
		8413D1F51B5AA2EF00CFA3C0 /* Main.storyboard in Resources */ = {isa = PBXBuildFile; fileRef = 8413D1F31B5AA2EF00CFA3C0 /* Main.storyboard */; };
		8413D1F71B5AA2EF00CFA3C0 /* Images.xcassets in Resources */ = {isa = PBXBuildFile; fileRef = 8413D1F61B5AA2EF00CFA3C0 /* Images.xcassets */; };
		8413D1FA1B5AA2EF00CFA3C0 /* LaunchScreen.xib in Resources */ = {isa = PBXBuildFile; fileRef = 8413D1F81B5AA2EF00CFA3C0 /* LaunchScreen.xib */; };
		8413D2061B5AA2EF00CFA3C0 /* RunningLedTests.m in Sources */ = {isa = PBXBuildFile; fileRef = 8413D2051B5AA2EF00CFA3C0 /* RunningLedTests.m */; };
/* End PBXBuildFile section */

/* Begin PBXContainerItemProxy section */
		8413D2001B5AA2EF00CFA3C0 /* PBXContainerItemProxy */ = {
			isa = PBXContainerItemProxy;
			containerPortal = 8413D1DE1B5AA2EF00CFA3C0 /* Project object */;
			proxyType = 1;
			remoteGlobalIDString = 8413D1E51B5AA2EF00CFA3C0;
			remoteInfo = RunningLed;
		};
/* End PBXContainerItemProxy section */

/* Begin PBXFileReference section */
		8413D1E61B5AA2EF00CFA3C0 /* RunningLed.app */ = {isa = PBXFileReference; explicitFileType = wrapper.application; includeInIndex = 0; path = RunningLed.app; sourceTree = BUILT_PRODUCTS_DIR; };
		8413D1EA1B5AA2EF00CFA3C0 /* Info.plist */ = {isa = PBXFileReference; lastKnownFileType = text.plist.xml; path = Info.plist; sourceTree = "<group>"; };
		8413D1EB1B5AA2EF00CFA3C0 /* main.m */ = {isa = PBXFileReference; lastKnownFileType = sourcecode.c.objc; path = main.m; sourceTree = "<group>"; };
		8413D1ED1B5AA2EF00CFA3C0 /* AppDelegate.h */ = {isa = PBXFileReference; lastKnownFileType = sourcecode.c.h; path = AppDelegate.h; sourceTree = "<group>"; };
		8413D1EE1B5AA2EF00CFA3C0 /* AppDelegate.m */ = {isa = PBXFileReference; lastKnownFileType = sourcecode.c.objc; path = AppDelegate.m; sourceTree = "<group>"; };
		8413D1F01B5AA2EF00CFA3C0 /* ViewController.h */ = {isa = PBXFileReference; lastKnownFileType = sourcecode.c.h; path = ViewController.h; sourceTree = "<group>"; };
		8413D1F11B5AA2EF00CFA3C0 /* ViewController.m */ = {isa = PBXFileReference; lastKnownFileType = sourcecode.c.objc; path = ViewController.m; sourceTree = "<group>"; };
		8413D1F41B5AA2EF00CFA3C0 /* Base */ = {isa = PBXFileReference; lastKnownFileType = file.storyboard; name = Base; path = Base.lproj/Main.storyboard; sourceTree = "<group>"; };
		8413D1F61B5AA2EF00CFA3C0 /* Images.xcassets */ = {isa = PBXFileReference; lastKnownFileType = folder.assetcatalog; path = Images.xcassets; sourceTree = "<group>"; };
		8413D1F91B5AA2EF00CFA3C0 /* Base */ = {isa = PBXFileReference; lastKnownFileType = file.xib; name = Base; path = Base.lproj/LaunchScreen.xib; sourceTree = "<group>"; };
		8413D1FF1B5AA2EF00CFA3C0 /* RunningLedTests.xctest */ = {isa = PBXFileReference; explicitFileType = wrapper.cfbundle; includeInIndex = 0; path = RunningLedTests.xctest; sourceTree = BUILT_PRODUCTS_DIR; };
		8413D2041B5AA2EF00CFA3C0 /* Info.plist */ = {isa = PBXFileReference; lastKnownFileType = text.plist.xml; path = Info.plist; sourceTree = "<group>"; };
		8413D2051B5AA2EF00CFA3C0 /* RunningLedTests.m */ = {isa = PBXFileReference; lastKnownFileType = sourcecode.c.objc; path = RunningLedTests.m; sourceTree = "<group>"; };
/* End PBXFileReference section */

/* Begin PBXFrameworksBuildPhase section */
		8413D1E31B5AA2EF00CFA3C0 /* Frameworks */ = {
			isa = PBXFrameworksBuildPhase;
			buildActionMask = 2147483647;
			files = (
			);
			runOnlyForDeploymentPostprocessing = 0;
		};
		8413D1FC1B5AA2EF00CFA3C0 /* Frameworks */ = {
			isa = PBXFrameworksBuildPhase;
			buildActionMask = 2147483647;
			files = (
			);
			runOnlyForDeploymentPostprocessing = 0;
		};
/* End PBXFrameworksBuildPhase section */

/* Begin PBXGroup section */
		8413D1DD1B5AA2EF00CFA3C0 = {
			isa = PBXGroup;
			children = (
				8413D1E81B5AA2EF00CFA3C0 /* RunningLed */,
				8413D2021B5AA2EF00CFA3C0 /* RunningLedTests */,
				8413D1E71B5AA2EF00CFA3C0 /* Products */,
			);
			sourceTree = "<group>";
		};
		8413D1E71B5AA2EF00CFA3C0 /* Products */ = {
			isa = PBXGroup;
			children = (
				8413D1E61B5AA2EF00CFA3C0 /* RunningLed.app */,
				8413D1FF1B5AA2EF00CFA3C0 /* RunningLedTests.xctest */,
			);
			name = Products;
			sourceTree = "<group>";
		};
		8413D1E81B5AA2EF00CFA3C0 /* RunningLed */ = {
			isa = PBXGroup;
			children = (
				8413D1ED1B5AA2EF00CFA3C0 /* AppDelegate.h */,
				8413D1EE1B5AA2EF00CFA3C0 /* AppDelegate.m */,
				8413D1F01B5AA2EF00CFA3C0 /* ViewController.h */,
				8413D1F11B5AA2EF00CFA3C0 /* ViewController.m */,
				8413D1F31B5AA2EF00CFA3C0 /* Main.storyboard */,
				8413D1F61B5AA2EF00CFA3C0 /* Images.xcassets */,
				8413D1F81B5AA2EF00CFA3C0 /* LaunchScreen.xib */,
				8413D1E91B5AA2EF00CFA3C0 /* Supporting Files */,
			);
			path = RunningLed;
			sourceTree = "<group>";
		};
		8413D1E91B5AA2EF00CFA3C0 /* Supporting Files */ = {
			isa = PBXGroup;
			children = (
				8413D1EA1B5AA2EF00CFA3C0 /* Info.plist */,
				8413D1EB1B5AA2EF00CFA3C0 /* main.m */,
			);
			name = "Supporting Files";
			sourceTree = "<group>";
		};
		8413D2021B5AA2EF00CFA3C0 /* RunningLedTests */ = {
			isa = PBXGroup;
			children = (
				8413D2051B5AA2EF00CFA3C0 /* RunningLedTests.m */,
				8413D2031B5AA2EF00CFA3C0 /* Supporting Files */,
			);
			path = RunningLedTests;
			sourceTree = "<group>";
		};
		8413D2031B5AA2EF00CFA3C0 /* Supporting Files */ = {
			isa = PBXGroup;
			children = (
				8413D2041B5AA2EF00CFA3C0 /* Info.plist */,
			);
			name = "Supporting Files";
			sourceTree = "<group>";
		};
/* End PBXGroup section */

/* Begin PBXNativeTarget section */
		8413D1E51B5AA2EF00CFA3C0 /* RunningLed */ = {
			isa = PBXNativeTarget;
			buildConfigurationList = 8413D2091B5AA2EF00CFA3C0 /* Build configuration list for PBXNativeTarget "RunningLed" */;
			buildPhases = (
				8413D1E21B5AA2EF00CFA3C0 /* Sources */,
				8413D1E31B5AA2EF00CFA3C0 /* Frameworks */,
				8413D1E41B5AA2EF00CFA3C0 /* Resources */,
			);
			buildRules = (
			);
			dependencies = (
			);
			name = RunningLed;
			productName = RunningLed;
			productReference = 8413D1E61B5AA2EF00CFA3C0 /* RunningLed.app */;
			productType = "com.apple.product-type.application";
		};
		8413D1FE1B5AA2EF00CFA3C0 /* RunningLedTests */ = {
			isa = PBXNativeTarget;
			buildConfigurationList = 8413D20C1B5AA2EF00CFA3C0 /* Build configuration list for PBXNativeTarget "RunningLedTests" */;
			buildPhases = (
				8413D1FB1B5AA2EF00CFA3C0 /* Sources */,
				8413D1FC1B5AA2EF00CFA3C0 /* Frameworks */,
				8413D1FD1B5AA2EF00CFA3C0 /* Resources */,
			);
			buildRules = (
			);
			dependencies = (
				8413D2011B5AA2EF00CFA3C0 /* PBXTargetDependency */,
			);
			name = RunningLedTests;
			productName = RunningLedTests;
			productReference = 8413D1FF1B5AA2EF00CFA3C0 /* RunningLedTests.xctest */;
			productType = "com.apple.product-type.bundle.unit-test";
		};
/* End PBXNativeTarget section */

/* Begin PBXProject section */
		8413D1DE1B5AA2EF00CFA3C0 /* Project object */ = {
			isa = PBXProject;
			attributes = {
				LastUpgradeCheck = 0640;
				ORGANIZATIONNAME = admin;
				TargetAttributes = {
					8413D1E51B5AA2EF00CFA3C0 = {
						CreatedOnToolsVersion = 6.4;
					};
					8413D1FE1B5AA2EF00CFA3C0 = {
						CreatedOnToolsVersion = 6.4;
						TestTargetID = 8413D1E51B5AA2EF00CFA3C0;
					};
				};
			};
			buildConfigurationList = 8413D1E11B5AA2EF00CFA3C0 /* Build configuration list for PBXProject "RunningLed" */;
			compatibilityVersion = "Xcode 3.2";
			developmentRegion = English;
			hasScannedForEncodings = 0;
			knownRegions = (
				en,
				Base,
			);
			mainGroup = 8413D1DD1B5AA2EF00CFA3C0;
			productRefGroup = 8413D1E71B5AA2EF00CFA3C0 /* Products */;
			projectDirPath = "";
			projectRoot = "";
			targets = (
				8413D1E51B5AA2EF00CFA3C0 /* RunningLed */,
				8413D1FE1B5AA2EF00CFA3C0 /* RunningLedTests */,
			);
		};
/* End PBXProject section */

/* Begin PBXResourcesBuildPhase section */
		8413D1E41B5AA2EF00CFA3C0 /* Resources */ = {
			isa = PBXResourcesBuildPhase;
			buildActionMask = 2147483647;
			files = (
				8413D1F51B5AA2EF00CFA3C0 /* Main.storyboard in Resources */,
				8413D1FA1B5AA2EF00CFA3C0 /* LaunchScreen.xib in Resources */,
				8413D1F71B5AA2EF00CFA3C0 /* Images.xcassets in Resources */,
			);
			runOnlyForDeploymentPostprocessing = 0;
		};
		8413D1FD1B5AA2EF00CFA3C0 /* Resources */ = {
			isa = PBXResourcesBuildPhase;
			buildActionMask = 2147483647;
			files = (
			);
			runOnlyForDeploymentPostprocessing = 0;
		};
/* End PBXResourcesBuildPhase section */

/* Begin PBXSourcesBuildPhase section */
		8413D1E21B5AA2EF00CFA3C0 /* Sources */ = {
			isa = PBXSourcesBuildPhase;
			buildActionMask = 2147483647;
			files = (
				8413D1F21B5AA2EF00CFA3C0 /* ViewController.m in Sources */,
				8413D1EF1B5AA2EF00CFA3C0 /* AppDelegate.m in Sources */,
				8413D1EC1B5AA2EF00CFA3C0 /* main.m in Sources */,
			);
			runOnlyForDeploymentPostprocessing = 0;
		};
		8413D1FB1B5AA2EF00CFA3C0 /* Sources */ = {
			isa = PBXSourcesBuildPhase;
			buildActionMask = 2147483647;
			files = (
				8413D2061B5AA2EF00CFA3C0 /* RunningLedTests.m in Sources */,
			);
			runOnlyForDeploymentPostprocessing = 0;
		};
/* End PBXSourcesBuildPhase section */

/* Begin PBXTargetDependency section */
		8413D2011B5AA2EF00CFA3C0 /* PBXTargetDependency */ = {
			isa = PBXTargetDependency;
			target = 8413D1E51B5AA2EF00CFA3C0 /* RunningLed */;
			targetProxy = 8413D2001B5AA2EF00CFA3C0 /* PBXContainerItemProxy */;
		};
/* End PBXTargetDependency section */

/* Begin PBXVariantGroup section */
		8413D1F31B5AA2EF00CFA3C0 /* Main.storyboard */ = {
			isa = PBXVariantGroup;
			children = (
				8413D1F41B5AA2EF00CFA3C0 /* Base */,
			);
			name = Main.storyboard;
			sourceTree = "<group>";
		};
		8413D1F81B5AA2EF00CFA3C0 /* LaunchScreen.xib */ = {
			isa = PBXVariantGroup;
			children = (
				8413D1F91B5AA2EF00CFA3C0 /* Base */,
			);
			name = LaunchScreen.xib;
			sourceTree = "<group>";
		};
/* End PBXVariantGroup section */

/* Begin XCBuildConfiguration section */
		8413D2071B5AA2EF00CFA3C0 /* Debug */ = {
			isa = XCBuildConfiguration;
			buildSettings = {
				ALWAYS_SEARCH_USER_PATHS = NO;
				CLANG_CXX_LANGUAGE_STANDARD = "gnu++0x";
				CLANG_CXX_LIBRARY = "libc++";
				CLANG_ENABLE_MODULES = YES;
				CLANG_ENABLE_OBJC_ARC = YES;
				CLANG_WARN_BOOL_CONVERSION = YES;
				CLANG_WARN_CONSTANT_CONVERSION = YES;
				CLANG_WARN_DIRECT_OBJC_ISA_USAGE = YES_ERROR;
				CLANG_WARN_EMPTY_BODY = YES;
				CLANG_WARN_ENUM_CONVERSION = YES;
				CLANG_WARN_INT_CONVERSION = YES;
				CLANG_WARN_OBJC_ROOT_CLASS = YES_ERROR;
				CLANG_WARN_UNREACHABLE_CODE = YES;
				CLANG_WARN__DUPLICATE_METHOD_MATCH = YES;
				"CODE_SIGN_IDENTITY[sdk=iphoneos*]" = "iPhone Developer";
				COPY_PHASE_STRIP = NO;
				DEBUG_INFORMATION_FORMAT = "dwarf-with-dsym";
				ENABLE_STRICT_OBJC_MSGSEND = YES;
				GCC_C_LANGUAGE_STANDARD = gnu99;
				GCC_DYNAMIC_NO_PIC = NO;
				GCC_NO_COMMON_BLOCKS = YES;
				GCC_OPTIMIZATION_LEVEL = 0;
				GCC_PREPROCESSOR_DEFINITIONS = (
					"DEBUG=1",
					"$(inherited)",
				);
				GCC_SYMBOLS_PRIVATE_EXTERN = NO;
				GCC_WARN_64_TO_32_BIT_CONVERSION = YES;
				GCC_WARN_ABOUT_RETURN_TYPE = YES_ERROR;
				GCC_WARN_UNDECLARED_SELECTOR = YES;
				GCC_WARN_UNINITIALIZED_AUTOS = YES_AGGRESSIVE;
				GCC_WARN_UNUSED_FUNCTION = YES;
				GCC_WARN_UNUSED_VARIABLE = YES;
				IPHONEOS_DEPLOYMENT_TARGET = 8.4;
				MTL_ENABLE_DEBUG_INFO = YES;
				ONLY_ACTIVE_ARCH = YES;
				SDKROOT = iphoneos;
			};
			name = Debug;
		};
		8413D2081B5AA2EF00CFA3C0 /* Release */ = {
			isa = XCBuildConfiguration;
			buildSettings = {
				ALWAYS_SEARCH_USER_PATHS = NO;
				CLANG_CXX_LANGUAGE_STANDARD = "gnu++0x";
				CLANG_CXX_LIBRARY = "libc++";
				CLANG_ENABLE_MODULES = YES;
				CLANG_ENABLE_OBJC_ARC = YES;
				CLANG_WARN_BOOL_CONVERSION = YES;
				CLANG_WARN_CONSTANT_CONVERSION = YES;
				CLANG_WARN_DIRECT_OBJC_ISA_USAGE = YES_ERROR;
				CLANG_WARN_EMPTY_BODY = YES;
				CLANG_WARN_ENUM_CONVERSION = YES;
				CLANG_WARN_INT_CONVERSION = YES;
				CLANG_WARN_OBJC_ROOT_CLASS = YES_ERROR;
				CLANG_WARN_UNREACHABLE_CODE = YES;
				CLANG_WARN__DUPLICATE_METHOD_MATCH = YES;
				"CODE_SIGN_IDENTITY[sdk=iphoneos*]" = "iPhone Developer";
				COPY_PHASE_STRIP = NO;
				DEBUG_INFORMATION_FORMAT = "dwarf-with-dsym";
				ENABLE_NS_ASSERTIONS = NO;
				ENABLE_STRICT_OBJC_MSGSEND = YES;
				GCC_C_LANGUAGE_STANDARD = gnu99;
				GCC_NO_COMMON_BLOCKS = YES;
				GCC_WARN_64_TO_32_BIT_CONVERSION = YES;
				GCC_WARN_ABOUT_RETURN_TYPE = YES_ERROR;
				GCC_WARN_UNDECLARED_SELECTOR = YES;
				GCC_WARN_UNINITIALIZED_AUTOS = YES_AGGRESSIVE;
				GCC_WARN_UNUSED_FUNCTION = YES;
				GCC_WARN_UNUSED_VARIABLE = YES;
				IPHONEOS_DEPLOYMENT_TARGET = 8.4;
				MTL_ENABLE_DEBUG_INFO = NO;
				SDKROOT = iphoneos;
				VALIDATE_PRODUCT = YES;
			};
			name = Release;
		};
		8413D20A1B5AA2EF00CFA3C0 /* Debug */ = {
			isa = XCBuildConfiguration;
			buildSettings = {
				ASSETCATALOG_COMPILER_APPICON_NAME = AppIcon;
				INFOPLIST_FILE = RunningLed/Info.plist;
				LD_RUNPATH_SEARCH_PATHS = "$(inherited) @executable_path/Frameworks";
				PRODUCT_NAME = "$(TARGET_NAME)";
			};
			name = Debug;
		};
		8413D20B1B5AA2EF00CFA3C0 /* Release */ = {
			isa = XCBuildConfiguration;
			buildSettings = {
				ASSETCATALOG_COMPILER_APPICON_NAME = AppIcon;
				INFOPLIST_FILE = RunningLed/Info.plist;
				LD_RUNPATH_SEARCH_PATHS = "$(inherited) @executable_path/Frameworks";
				PRODUCT_NAME = "$(TARGET_NAME)";
			};
			name = Release;
		};
		8413D20D1B5AA2EF00CFA3C0 /* Debug */ = {
			isa = XCBuildConfiguration;
			buildSettings = {
				BUNDLE_LOADER = "$(TEST_HOST)";
				FRAMEWORK_SEARCH_PATHS = (
					"$(SDKROOT)/Developer/Library/Frameworks",
					"$(inherited)",
				);
				GCC_PREPROCESSOR_DEFINITIONS = (
					"DEBUG=1",
					"$(inherited)",
				);
				INFOPLIST_FILE = RunningLedTests/Info.plist;
				LD_RUNPATH_SEARCH_PATHS = "$(inherited) @executable_path/Frameworks @loader_path/Frameworks";
				PRODUCT_NAME = "$(TARGET_NAME)";
				TEST_HOST = "$(BUILT_PRODUCTS_DIR)/RunningLed.app/RunningLed";
			};
			name = Debug;
		};
		8413D20E1B5AA2EF00CFA3C0 /* Release */ = {
			isa = XCBuildConfiguration;
			buildSettings = {
				BUNDLE_LOADER = "$(TEST_HOST)";
				FRAMEWORK_SEARCH_PATHS = (
					"$(SDKROOT)/Developer/Library/Frameworks",
					"$(inherited)",
				);
				INFOPLIST_FILE = RunningLedTests/Info.plist;
				LD_RUNPATH_SEARCH_PATHS = "$(inherited) @executable_path/Frameworks @loader_path/Frameworks";
				PRODUCT_NAME = "$(TARGET_NAME)";
				TEST_HOST = "$(BUILT_PRODUCTS_DIR)/RunningLed.app/RunningLed";
			};
			name = Release;
		};
/* End XCBuildConfiguration section */

/* Begin XCConfigurationList section */
		8413D1E11B5AA2EF00CFA3C0 /* Build configuration list for PBXProject "RunningLed" */ = {
			isa = XCConfigurationList;
			buildConfigurations = (
				8413D2071B5AA2EF00CFA3C0 /* Debug */,
				8413D2081B5AA2EF00CFA3C0 /* Release */,
			);
			defaultConfigurationIsVisible = 0;
			defaultConfigurationName = Release;
		};
		8413D2091B5AA2EF00CFA3C0 /* Build configuration list for PBXNativeTarget "RunningLed" */ = {
			isa = XCConfigurationList;
			buildConfigurations = (
				8413D20A1B5AA2EF00CFA3C0 /* Debug */,
				8413D20B1B5AA2EF00CFA3C0 /* Release */,
			);
			defaultConfigurationIsVisible = 0;
		};
		8413D20C1B5AA2EF00CFA3C0 /* Build configuration list for PBXNativeTarget "RunningLedTests" */ = {
			isa = XCConfigurationList;
			buildConfigurations = (
				8413D20D1B5AA2EF00CFA3C0 /* Debug */,
				8413D20E1B5AA2EF00CFA3C0 /* Release */,
			);
			defaultConfigurationIsVisible = 0;
		};
/* End XCConfigurationList section */
	};
	rootObject = 8413D1DE1B5AA2EF00CFA3C0 /* Project object */;
}
